
Microsoft Visual Studio Solution File, Format Version 12.00
# Visual Studio Version 17
VisualStudioVersion = 17.0.32014.148
MinimumVisualStudioVersion = 10.0.40219.1
Project("{FAE04EC0-301F-11D3-BF4B-00C04F79EFBC}") = "XunitPerTestLifeTimeTest", "XunitPerTestLifeTimeTest\XunitPerTestLifeTimeTest.csproj", "{6C3E960D-93EF-4591-9E8A-E76A5A12BB62}"
EndProject
Project("{FAE04EC0-301F-11D3-BF4B-00C04F79EFBC}") = "XunitPerTestLifeTimeTest.Tests", "XunitPerTestLifeTimeTest.Tests\XunitPerTestLifeTimeTest.Tests.csproj", "{288E37AC-83EA-45FD-9704-7C1CCC15D3EF}"
EndProject
Global
	GlobalSection(SolutionConfigurationPlatforms) = preSolution
		Debug|Any CPU = Debug|Any CPU
		Release|Any CPU = Release|Any CPU
	EndGlobalSection
	GlobalSection(ProjectConfigurationPlatforms) = postSolution
		{6C3E960D-93EF-4591-9E8A-E76A5A12BB62}.Debug|Any CPU.ActiveCfg = Debug|Any CPU
		{6C3E960D-93EF-4591-9E8A-E76A5A12BB62}.Debug|Any CPU.Build.0 = Debug|Any CPU
		{6C3E960D-93EF-4591-9E8A-E76A5A12BB62}.Release|Any CPU.ActiveCfg = Release|Any CPU
		{6C3E960D-93EF-4591-9E8A-E76A5A12BB62}.Release|Any CPU.Build.0 = Release|Any CPU
		{288E37AC-83EA-45FD-9704-7C1CCC15D3EF}.Debug|Any CPU.ActiveCfg = Debug|Any CPU
		{288E37AC-83EA-45FD-9704-7C1CCC15D3EF}.Debug|Any CPU.Build.0 = Debug|Any CPU
		{288E37AC-83EA-45FD-9704-7C1CCC15D3EF}.Release|Any CPU.ActiveCfg = Release|Any CPU
		{288E37AC-83EA-45FD-9704-7C1CCC15D3EF}.Release|Any CPU.Build.0 = Release|Any CPU
	EndGlobalSection
	GlobalSection(SolutionProperties) = preSolution
		HideSolutionNode = FALSE
	EndGlobalSection
	GlobalSection(ExtensibilityGlobals) = postSolution
		SolutionGuid = {B96F5699-32D0-4CF1-8293-0234EE6E2A78}
	EndGlobalSection
EndGlobal
